
Microsoft Visual Studio Solution File, Format Version 12.00
# Visual Studio 2012
Project("{FAE04EC0-301F-11D3-BF4B-00C04F79EFBC}") = "ReCaptchaFake", "ReCaptchaFake\ReCaptchaFake.csproj", "{D32D55D2-99D8-48FE-A6CE-CF888917D867}"
EndProject
Global
	GlobalSection(SolutionConfigurationPlatforms) = preSolution
		Debug|Any CPU = Debug|Any CPU
		Release|Any CPU = Release|Any CPU
	EndGlobalSection
	GlobalSection(ProjectConfigurationPlatforms) = postSolution
		{D32D55D2-99D8-48FE-A6CE-CF888917D867}.Debug|Any CPU.ActiveCfg = Debug|Any CPU
		{D32D55D2-99D8-48FE-A6CE-CF888917D867}.Debug|Any CPU.Build.0 = Debug|Any CPU
		{D32D55D2-99D8-48FE-A6CE-CF888917D867}.Release|Any CPU.ActiveCfg = Release|Any CPU
		{D32D55D2-99D8-48FE-A6CE-CF888917D867}.Release|Any CPU.Build.0 = Release|Any CPU
	EndGlobalSection
	GlobalSection(SolutionProperties) = preSolution
		HideSolutionNode = FALSE
	EndGlobalSection
EndGlobal
